{
  "nodes": {
    "dogeboxd-src": {
      "flake": false,
      "locked": {
        "lastModified": 1771810395,
        "narHash": "sha256-UJ/EZjsLzOxtwXUUp2hpDEXeM/wLDSCnxC1YgXL4yZ8=",
        "owner": "Dogebox-WG",
        "repo": "dogeboxd",
        "rev": "94c27147f39a54f07109bb09b33bfa2535b60490",
        "type": "github"
      },
      "original": {
        "owner": "Dogebox-WG",
        "repo": "dogeboxd",
        "type": "github"
      }
    },
    "flake-utils": {
      "inputs": {
        "systems": "systems"
      },
      "locked": {
        "lastModified": 1731533236,
        "narHash": "sha256-l0KFg5HjrsfsO/JpG+r7fRrqm12kzFHyUHqHCVpMMbI=",
        "owner": "numtide",
        "repo": "flake-utils",
        "rev": "11707dc2f618dd54ca8739b309ec4fc024de578b",
        "type": "github"
      },
      "original": {
        "owner": "numtide",
        "repo": "flake-utils",
        "type": "github"
      }
    },
    "flake-utils_2": {
      "inputs": {
        "systems": "systems_2"
      },
      "locked": {
        "lastModified": 1726560853,
        "narHash": "sha256-X6rJYSESBVr3hBoH0WbKE5KvhPU5bloyZ2L4K60/fPQ=",
        "owner": "numtide",
        "repo": "flake-utils",
        "rev": "c1dfcf08411b08f6b8615f7d8971a2bfa81d5e8a",
        "type": "github"
      },
      "original": {
        "owner": "numtide",
        "repo": "flake-utils",
        "type": "github"
      }
    },
    "nixpkgs": {
      "locked": {
        "lastModified": 1771714954,
        "narHash": "sha256-nhZJPnBavtu40/L2aqpljrfUNb2rxmWTmSjK2c9UKds=",
        "owner": "NixOS",
        "repo": "nixpkgs",
        "rev": "afbbf774e2087c3d734266c22f96fca2e78d3620",
        "type": "github"
      },
      "original": {
        "owner": "NixOS",
        "ref": "nixos-25.11",
        "repo": "nixpkgs",
        "type": "github"
      }
    },
    "nixpkgs_2": {
      "locked": {
        "lastModified": 0,
        "narHash": "sha256-u+rxA79a0lyhG+u+oPBRtTDtzz8kvkc9a6SWSt9ekVc=",
        "path": "/nix/store/0283cbhm47kd3lr9zmc5fvdrx9qkav8s-source",
        "type": "path"
      },
      "original": {
        "id": "nixpkgs",
        "type": "indirect"
      }
    },
    "playwright": {
      "inputs": {
        "flake-utils": "flake-utils_2",
        "nixpkgs": "nixpkgs_2"
      },
      "locked": {
        "lastModified": 1744969290,
        "narHash": "sha256-8pMFEdOT83u4VAIbnGOfnHvv5jNfRqZOnYjtQJaXkTs=",
        "owner": "pietdevries94",
        "repo": "playwright-web-flake",
        "rev": "ceda34e26f2d0a939346c5d456afe69c9cf5250f",
        "type": "github"
      },
      "original": {
        "owner": "pietdevries94",
        "repo": "playwright-web-flake",
        "type": "github"
      }
    },
    "protovalidate-src": {
      "flake": false,
      "locked": {
        "lastModified": 1771426165,
        "narHash": "sha256-YGqdbmIFcaIi5WX7j4ifnK6po3YJ6Wy0dAY14Eq5GOU=",
        "owner": "bufbuild",
        "repo": "protovalidate",
        "rev": "cb78a6b7343910d526c355b792eaebeb4ce9bd48",
        "type": "github"
      },
      "original": {
        "owner": "bufbuild",
        "repo": "protovalidate",
        "type": "github"
      }
    },
    "root": {
      "inputs": {
        "dogeboxd-src": "dogeboxd-src",
        "flake-utils": "flake-utils",
        "nixpkgs": "nixpkgs",
        "playwright": "playwright",
        "protovalidate-src": "protovalidate-src"
      }
    },
    "systems": {
      "locked": {
        "lastModified": 1681028828,
        "narHash": "sha256-Vy1rq5AaRuLzOxct8nz4T6wlgyUR7zLU309k9mBC768=",
        "owner": "nix-systems",
        "repo": "default",
        "rev": "da67096a3b9bf56a91d16901293e51ba5b49a27e",
        "type": "github"
      },
      "original": {
        "owner": "nix-systems",
        "repo": "default",
        "type": "github"
      }
    },
    "systems_2": {
      "locked": {
        "lastModified": 1681028828,
        "narHash": "sha256-Vy1rq5AaRuLzOxct8nz4T6wlgyUR7zLU309k9mBC768=",
        "owner": "nix-systems",
        "repo": "default",
        "rev": "da67096a3b9bf56a91d16901293e51ba5b49a27e",
        "type": "github"
      },
      "original": {
        "owner": "nix-systems",
        "repo": "default",
        "type": "github"
      }
    }
  },
  "root": "root",
  "version": 7
}
