{
  "nodes": {
    "dogeboxd-src": {
      "flake": false,
      "locked": {
        "lastModified": 1783312278,
        "narHash": "sha256-dPsCfQKRPJBqV5Eg4F5DKXsvmE9P7B20hk4Bz3XpmLk=",
        "owner": "Dogebox-WG",
        "repo": "dogeboxd",
        "rev": "5f5824782548179155fcb0d31dd59aadcedb03e6",
        "type": "github"
      },
      "original": {
        "owner": "Dogebox-WG",
        "ref": "feature/dto-protos",
        "repo": "dogeboxd",
        "type": "github"
      }
    },
    "flake-utils": {
      "inputs": {
        "systems": "systems"
      },
      "locked": {
        "lastModified": 1731533236,
        "narHash": "sha256-l0KFg5HjrsfsO/JpG+r7fRrqm12kzFHyUHqHCVpMMbI=",
        "owner": "numtide",
        "repo": "flake-utils",
        "rev": "11707dc2f618dd54ca8739b309ec4fc024de578b",
        "type": "github"
      },
      "original": {
        "owner": "numtide",
        "repo": "flake-utils",
        "type": "github"
      }
    },
    "nixpkgs": {
      "locked": {
        "lastModified": 1781509190,
        "narHash": "sha256-uJZs9Di8I6ciTp6jiojj0HzlNpBkud8ax5aT/O5aJkw=",
        "owner": "NixOS",
        "repo": "nixpkgs",
        "rev": "d6df3513510aa548c83868fd22bfddd0a8c0a0d4",
        "type": "github"
      },
      "original": {
        "owner": "NixOS",
        "ref": "nixos-25.11",
        "repo": "nixpkgs",
        "type": "github"
      }
    },
    "protovalidate-src": {
      "flake": false,
      "locked": {
        "lastModified": 1779894334,
        "narHash": "sha256-QzD+VE7Myz5Plg4tFs2w05r2rDgn5EVkHhjyC+rw2uI=",
        "owner": "bufbuild",
        "repo": "protovalidate",
        "rev": "90182160b60c546a704befcee2958ac0f6a73868",
        "type": "github"
      },
      "original": {
        "owner": "bufbuild",
        "repo": "protovalidate",
        "type": "github"
      }
    },
    "root": {
      "inputs": {
        "dogeboxd-src": "dogeboxd-src",
        "flake-utils": "flake-utils",
        "nixpkgs": "nixpkgs",
        "protovalidate-src": "protovalidate-src"
      }
    },
    "systems": {
      "locked": {
        "lastModified": 1681028828,
        "narHash": "sha256-Vy1rq5AaRuLzOxct8nz4T6wlgyUR7zLU309k9mBC768=",
        "owner": "nix-systems",
        "repo": "default",
        "rev": "da67096a3b9bf56a91d16901293e51ba5b49a27e",
        "type": "github"
      },
      "original": {
        "owner": "nix-systems",
        "repo": "default",
        "type": "github"
      }
    }
  },
  "root": "root",
  "version": 7
}
